// !$*UTF8*$!
{
	archiveVersion = 1;
	classes = {
	};
	objectVersion = 48;
	objects = {

/* Begin PBXBuildFile section */
		0067D3FD1F57D13E009CE633 /* LeagueVC.swift in Sources */ = {isa = PBXBuildFile; fileRef = 0067D3FC1F57D13E009CE633 /* LeagueVC.swift */; };
		0067D3FF1F57D15C009CE633 /* SkillVC.swift in Sources */ = {isa = PBXBuildFile; fileRef = 0067D3FE1F57D15C009CE633 /* SkillVC.swift */; };
		009774361F567D9700E1CF7B /* AppDelegate.swift in Sources */ = {isa = PBXBuildFile; fileRef = 009774351F567D9700E1CF7B /* AppDelegate.swift */; };
		009774381F567D9700E1CF7B /* WelcomeVC.swift in Sources */ = {isa = PBXBuildFile; fileRef = 009774371F567D9700E1CF7B /* WelcomeVC.swift */; };
		0097743B1F567D9700E1CF7B /* Main.storyboard in Resources */ = {isa = PBXBuildFile; fileRef = 009774391F567D9700E1CF7B /* Main.storyboard */; };
		0097743D1F567D9700E1CF7B /* Assets.xcassets in Resources */ = {isa = PBXBuildFile; fileRef = 0097743C1F567D9700E1CF7B /* Assets.xcassets */; };
		009774401F567D9700E1CF7B /* LaunchScreen.storyboard in Resources */ = {isa = PBXBuildFile; fileRef = 0097743E1F567D9700E1CF7B /* LaunchScreen.storyboard */; };
		009774491F56E2DF00E1CF7B /* MyUIButton.swift in Sources */ = {isa = PBXBuildFile; fileRef = 009774481F56E2DF00E1CF7B /* MyUIButton.swift */; };
/* End PBXBuildFile section */

/* Begin PBXFileReference section */
		0067D3FC1F57D13E009CE633 /* LeagueVC.swift */ = {isa = PBXFileReference; lastKnownFileType = sourcecode.swift; path = LeagueVC.swift; sourceTree = "<group>"; };
		0067D3FE1F57D15C009CE633 /* SkillVC.swift */ = {isa = PBXFileReference; lastKnownFileType = sourcecode.swift; path = SkillVC.swift; sourceTree = "<group>"; };
		009774321F567D9700E1CF7B /* swoosh.app */ = {isa = PBXFileReference; explicitFileType = wrapper.application; includeInIndex = 0; path = swoosh.app; sourceTree = BUILT_PRODUCTS_DIR; };
		009774351F567D9700E1CF7B /* AppDelegate.swift */ = {isa = PBXFileReference; lastKnownFileType = sourcecode.swift; path = AppDelegate.swift; sourceTree = "<group>"; };
		009774371F567D9700E1CF7B /* WelcomeVC.swift */ = {isa = PBXFileReference; lastKnownFileType = sourcecode.swift; path = WelcomeVC.swift; sourceTree = "<group>"; };
		0097743A1F567D9700E1CF7B /* Base */ = {isa = PBXFileReference; lastKnownFileType = file.storyboard; name = Base; path = Base.lproj/Main.storyboard; sourceTree = "<group>"; };
		0097743C1F567D9700E1CF7B /* Assets.xcassets */ = {isa = PBXFileReference; lastKnownFileType = folder.assetcatalog; path = Assets.xcassets; sourceTree = "<group>"; };
		0097743F1F567D9700E1CF7B /* Base */ = {isa = PBXFileReference; lastKnownFileType = file.storyboard; name = Base; path = Base.lproj/LaunchScreen.storyboard; sourceTree = "<group>"; };
		009774411F567D9700E1CF7B /* Info.plist */ = {isa = PBXFileReference; lastKnownFileType = text.plist.xml; path = Info.plist; sourceTree = "<group>"; };
		009774481F56E2DF00E1CF7B /* MyUIButton.swift */ = {isa = PBXFileReference; lastKnownFileType = sourcecode.swift; path = MyUIButton.swift; sourceTree = "<group>"; };
/* End PBXFileReference section */

/* Begin PBXFrameworksBuildPhase section */
		0097742F1F567D9700E1CF7B /* Frameworks */ = {
			isa = PBXFrameworksBuildPhase;
			buildActionMask = 2147483647;
			files = (
			);
			runOnlyForDeploymentPostprocessing = 0;
		};
/* End PBXFrameworksBuildPhase section */

/* Begin PBXGroup section */
		0067D3FA1F57D0AF009CE633 /* Model */ = {
			isa = PBXGroup;
			children = (
			);
			path = Model;
			sourceTree = "<group>";
		};
		0067D3FB1F57D0B8009CE633 /* Controller */ = {
			isa = PBXGroup;
			children = (
				009774371F567D9700E1CF7B /* WelcomeVC.swift */,
				0067D3FC1F57D13E009CE633 /* LeagueVC.swift */,
				0067D3FE1F57D15C009CE633 /* SkillVC.swift */,
			);
			path = Controller;
			sourceTree = "<group>";
		};
		009774291F567D9700E1CF7B = {
			isa = PBXGroup;
			children = (
				009774341F567D9700E1CF7B /* swoosh */,
				009774331F567D9700E1CF7B /* Products */,
			);
			sourceTree = "<group>";
		};
		009774331F567D9700E1CF7B /* Products */ = {
			isa = PBXGroup;
			children = (
				009774321F567D9700E1CF7B /* swoosh.app */,
			);
			name = Products;
			sourceTree = "<group>";
		};
		009774341F567D9700E1CF7B /* swoosh */ = {
			isa = PBXGroup;
			children = (
				0067D3FB1F57D0B8009CE633 /* Controller */,
				0067D3FA1F57D0AF009CE633 /* Model */,
				009774471F56E2A900E1CF7B /* View */,
				009774351F567D9700E1CF7B /* AppDelegate.swift */,
				009774391F567D9700E1CF7B /* Main.storyboard */,
				0097743C1F567D9700E1CF7B /* Assets.xcassets */,
				0097743E1F567D9700E1CF7B /* LaunchScreen.storyboard */,
				009774411F567D9700E1CF7B /* Info.plist */,
			);
			path = swoosh;
			sourceTree = "<group>";
		};
		009774471F56E2A900E1CF7B /* View */ = {
			isa = PBXGroup;
			children = (
				009774481F56E2DF00E1CF7B /* MyUIButton.swift */,
			);
			path = View;
			sourceTree = "<group>";
		};
/* End PBXGroup section */

/* Begin PBXNativeTarget section */
		009774311F567D9700E1CF7B /* swoosh */ = {
			isa = PBXNativeTarget;
			buildConfigurationList = 009774441F567D9700E1CF7B /* Build configuration list for PBXNativeTarget "swoosh" */;
			buildPhases = (
				0097742E1F567D9700E1CF7B /* Sources */,
				0097742F1F567D9700E1CF7B /* Frameworks */,
				009774301F567D9700E1CF7B /* Resources */,
			);
			buildRules = (
			);
			dependencies = (
			);
			name = swoosh;
			productName = swoosh;
			productReference = 009774321F567D9700E1CF7B /* swoosh.app */;
			productType = "com.apple.product-type.application";
		};
/* End PBXNativeTarget section */

/* Begin PBXProject section */
		0097742A1F567D9700E1CF7B /* Project object */ = {
			isa = PBXProject;
			attributes = {
				LastSwiftUpdateCheck = 0900;
				LastUpgradeCheck = 0900;
				ORGANIZATIONNAME = "Ding Zhiyi";
				TargetAttributes = {
					009774311F567D9700E1CF7B = {
						CreatedOnToolsVersion = 9.0;
						ProvisioningStyle = Automatic;
					};
				};
			};
			buildConfigurationList = 0097742D1F567D9700E1CF7B /* Build configuration list for PBXProject "swoosh" */;
			compatibilityVersion = "Xcode 8.0";
			developmentRegion = en;
			hasScannedForEncodings = 0;
			knownRegions = (
				en,
				Base,
			);
			mainGroup = 009774291F567D9700E1CF7B;
			productRefGroup = 009774331F567D9700E1CF7B /* Products */;
			projectDirPath = "";
			projectRoot = "";
			targets = (
				009774311F567D9700E1CF7B /* swoosh */,
			);
		};
/* End PBXProject section */

/* Begin PBXResourcesBuildPhase section */
		009774301F567D9700E1CF7B /* Resources */ = {
			isa = PBXResourcesBuildPhase;
			buildActionMask = 2147483647;
			files = (
				009774401F567D9700E1CF7B /* LaunchScreen.storyboard in Resources */,
				0097743D1F567D9700E1CF7B /* Assets.xcassets in Resources */,
				0097743B1F567D9700E1CF7B /* Main.storyboard in Resources */,
			);
			runOnlyForDeploymentPostprocessing = 0;
		};
/* End PBXResourcesBuildPhase section */

/* Begin PBXSourcesBuildPhase section */
		0097742E1F567D9700E1CF7B /* Sources */ = {
			isa = PBXSourcesBuildPhase;
			buildActionMask = 2147483647;
			files = (
				009774381F567D9700E1CF7B /* WelcomeVC.swift in Sources */,
				0067D3FD1F57D13E009CE633 /* LeagueVC.swift in Sources */,
				009774491F56E2DF00E1CF7B /* MyUIButton.swift in Sources */,
				0067D3FF1F57D15C009CE633 /* SkillVC.swift in Sources */,
				009774361F567D9700E1CF7B /* AppDelegate.swift in Sources */,
			);
			runOnlyForDeploymentPostprocessing = 0;
		};
/* End PBXSourcesBuildPhase section */

/* Begin PBXVariantGroup section */
		009774391F567D9700E1CF7B /* Main.storyboard */ = {
			isa = PBXVariantGroup;
			children = (
				0097743A1F567D9700E1CF7B /* Base */,
			);
			name = Main.storyboard;
			sourceTree = "<group>";
		};
		0097743E1F567D9700E1CF7B /* LaunchScreen.storyboard */ = {
			isa = PBXVariantGroup;
			children = (
				0097743F1F567D9700E1CF7B /* Base */,
			);
			name = LaunchScreen.storyboard;
			sourceTree = "<group>";
		};
/* End PBXVariantGroup section */

/* Begin XCBuildConfiguration section */
		009774421F567D9700E1CF7B /* Debug */ = {
			isa = XCBuildConfiguration;
			buildSettings = {
				ALWAYS_SEARCH_USER_PATHS = NO;
				CLANG_ANALYZER_NONNULL = YES;
				CLANG_ANALYZER_NUMBER_OBJECT_CONVERSION = YES_AGGRESSIVE;
				CLANG_CXX_LANGUAGE_STANDARD = "gnu++14";
				CLANG_CXX_LIBRARY = "libc++";
				CLANG_ENABLE_MODULES = YES;
				CLANG_ENABLE_OBJC_ARC = YES;
				CLANG_WARN_BLOCK_CAPTURE_AUTORELEASING = YES;
				CLANG_WARN_BOOL_CONVERSION = YES;
				CLANG_WARN_COMMA = YES;
				CLANG_WARN_CONSTANT_CONVERSION = YES;
				CLANG_WARN_DIRECT_OBJC_ISA_USAGE = YES_ERROR;
				CLANG_WARN_DOCUMENTATION_COMMENTS = YES;
				CLANG_WARN_EMPTY_BODY = YES;
				CLANG_WARN_ENUM_CONVERSION = YES;
				CLANG_WARN_INFINITE_RECURSION = YES;
				CLANG_WARN_INT_CONVERSION = YES;
				CLANG_WARN_NON_LITERAL_NULL_CONVERSION = YES;
				CLANG_WARN_OBJC_LITERAL_CONVERSION = YES;
				CLANG_WARN_OBJC_ROOT_CLASS = YES_ERROR;
				CLANG_WARN_RANGE_LOOP_ANALYSIS = YES;
				CLANG_WARN_STRICT_PROTOTYPES = YES;
				CLANG_WARN_SUSPICIOUS_MOVE = YES;
				CLANG_WARN_UNGUARDED_AVAILABILITY = YES_AGGRESSIVE;
				CLANG_WARN_UNREACHABLE_CODE = YES;
				CLANG_WARN__DUPLICATE_METHOD_MATCH = YES;
				CODE_SIGN_IDENTITY = "iPhone Developer";
				COPY_PHASE_STRIP = NO;
				DEBUG_INFORMATION_FORMAT = dwarf;
				ENABLE_STRICT_OBJC_MSGSEND = YES;
				ENABLE_TESTABILITY = YES;
				GCC_C_LANGUAGE_STANDARD = gnu11;
				GCC_DYNAMIC_NO_PIC = NO;
				GCC_NO_COMMON_BLOCKS = YES;
				GCC_OPTIMIZATION_LEVEL = 0;
				GCC_PREPROCESSOR_DEFINITIONS = (
					"DEBUG=1",
					"$(inherited)",
				);
				GCC_WARN_64_TO_32_BIT_CONVERSION = YES;
				GCC_WARN_ABOUT_RETURN_TYPE = YES_ERROR;
				GCC_WARN_UNDECLARED_SELECTOR = YES;
				GCC_WARN_UNINITIALIZED_AUTOS = YES_AGGRESSIVE;
				GCC_WARN_UNUSED_FUNCTION = YES;
				GCC_WARN_UNUSED_VARIABLE = YES;
				IPHONEOS_DEPLOYMENT_TARGET = 11.0;
				MTL_ENABLE_DEBUG_INFO = YES;
				ONLY_ACTIVE_ARCH = YES;
				SDKROOT = iphoneos;
				SWIFT_ACTIVE_COMPILATION_CONDITIONS = DEBUG;
				SWIFT_OPTIMIZATION_LEVEL = "-Onone";
			};
			name = Debug;
		};
		009774431F567D9700E1CF7B /* Release */ = {
			isa = XCBuildConfiguration;
			buildSettings = {
				ALWAYS_SEARCH_USER_PATHS = NO;
				CLANG_ANALYZER_NONNULL = YES;
				CLANG_ANALYZER_NUMBER_OBJECT_CONVERSION = YES_AGGRESSIVE;
				CLANG_CXX_LANGUAGE_STANDARD = "gnu++14";
				CLANG_CXX_LIBRARY = "libc++";
				CLANG_ENABLE_MODULES = YES;
				CLANG_ENABLE_OBJC_ARC = YES;
				CLANG_WARN_BLOCK_CAPTURE_AUTORELEASING = YES;
				CLANG_WARN_BOOL_CONVERSION = YES;
				CLANG_WARN_COMMA = YES;
				CLANG_WARN_CONSTANT_CONVERSION = YES;
				CLANG_WARN_DIRECT_OBJC_ISA_USAGE = YES_ERROR;
				CLANG_WARN_DOCUMENTATION_COMMENTS = YES;
				CLANG_WARN_EMPTY_BODY = YES;
				CLANG_WARN_ENUM_CONVERSION = YES;
				CLANG_WARN_INFINITE_RECURSION = YES;
				CLANG_WARN_INT_CONVERSION = YES;
				CLANG_WARN_NON_LITERAL_NULL_CONVERSION = YES;
				CLANG_WARN_OBJC_LITERAL_CONVERSION = YES;
				CLANG_WARN_OBJC_ROOT_CLASS = YES_ERROR;
				CLANG_WARN_RANGE_LOOP_ANALYSIS = YES;
				CLANG_WARN_STRICT_PROTOTYPES = YES;
				CLANG_WARN_SUSPICIOUS_MOVE = YES;
				CLANG_WARN_UNGUARDED_AVAILABILITY = YES_AGGRESSIVE;
				CLANG_WARN_UNREACHABLE_CODE = YES;
				CLANG_WARN__DUPLICATE_METHOD_MATCH = YES;
				CODE_SIGN_IDENTITY = "iPhone Developer";
				COPY_PHASE_STRIP = NO;
				DEBUG_INFORMATION_FORMAT = "dwarf-with-dsym";
				ENABLE_NS_ASSERTIONS = NO;
				ENABLE_STRICT_OBJC_MSGSEND = YES;
				GCC_C_LANGUAGE_STANDARD = gnu11;
				GCC_NO_COMMON_BLOCKS = YES;
				GCC_WARN_64_TO_32_BIT_CONVERSION = YES;
				GCC_WARN_ABOUT_RETURN_TYPE = YES_ERROR;
				GCC_WARN_UNDECLARED_SELECTOR = YES;
				GCC_WARN_UNINITIALIZED_AUTOS = YES_AGGRESSIVE;
				GCC_WARN_UNUSED_FUNCTION = YES;
				GCC_WARN_UNUSED_VARIABLE = YES;
				IPHONEOS_DEPLOYMENT_TARGET = 11.0;
				MTL_ENABLE_DEBUG_INFO = NO;
				SDKROOT = iphoneos;
				SWIFT_OPTIMIZATION_LEVEL = "-Owholemodule";
				VALIDATE_PRODUCT = YES;
			};
			name = Release;
		};
		009774451F567D9700E1CF7B /* Debug */ = {
			isa = XCBuildConfiguration;
			buildSettings = {
				ASSETCATALOG_COMPILER_APPICON_NAME = AppIcon;
				CODE_SIGN_STYLE = Automatic;
				INFOPLIST_FILE = swoosh/Info.plist;
				LD_RUNPATH_SEARCH_PATHS = "$(inherited) @executable_path/Frameworks";
				PRODUCT_BUNDLE_IDENTIFIER = ut.swoosh;
				PRODUCT_NAME = "$(TARGET_NAME)";
				SWIFT_VERSION = 4.0;
				TARGETED_DEVICE_FAMILY = "1,2";
			};
			name = Debug;
		};
		009774461F567D9700E1CF7B /* Release */ = {
			isa = XCBuildConfiguration;
			buildSettings = {
				ASSETCATALOG_COMPILER_APPICON_NAME = AppIcon;
				CODE_SIGN_STYLE = Automatic;
				INFOPLIST_FILE = swoosh/Info.plist;
				LD_RUNPATH_SEARCH_PATHS = "$(inherited) @executable_path/Frameworks";
				PRODUCT_BUNDLE_IDENTIFIER = ut.swoosh;
				PRODUCT_NAME = "$(TARGET_NAME)";
				SWIFT_VERSION = 4.0;
				TARGETED_DEVICE_FAMILY = "1,2";
			};
			name = Release;
		};
/* End XCBuildConfiguration section */

/* Begin XCConfigurationList section */
		0097742D1F567D9700E1CF7B /* Build configuration list for PBXProject "swoosh" */ = {
			isa = XCConfigurationList;
			buildConfigurations = (
				009774421F567D9700E1CF7B /* Debug */,
				009774431F567D9700E1CF7B /* Release */,
			);
			defaultConfigurationIsVisible = 0;
			defaultConfigurationName = Release;
		};
		009774441F567D9700E1CF7B /* Build configuration list for PBXNativeTarget "swoosh" */ = {
			isa = XCConfigurationList;
			buildConfigurations = (
				009774451F567D9700E1CF7B /* Debug */,
				009774461F567D9700E1CF7B /* Release */,
			);
			defaultConfigurationIsVisible = 0;
			defaultConfigurationName = Release;
		};
/* End XCConfigurationList section */
	};
	rootObject = 0097742A1F567D9700E1CF7B /* Project object */;
}
